
Microsoft Visual Studio Solution File, Format Version 12.00
# Visual Studio Version 16
VisualStudioVersion = 16.0.30114.105
MinimumVisualStudioVersion = 10.0.40219.1
Project("{FAE04EC0-301F-11D3-BF4B-00C04F79EFBC}") = "Phader", "Phader\Phader.csproj", "{AA483B18-3504-4AF4-B40D-5A93A374C171}"
EndProject
Project("{FAE04EC0-301F-11D3-BF4B-00C04F79EFBC}") = "TestGame", "TestGame\TestGame.csproj", "{ADF75FAC-4CB9-4BCD-9C34-20A6F3A14729}"
EndProject
Global
	GlobalSection(SolutionConfigurationPlatforms) = preSolution
		Debug|Any CPU = Debug|Any CPU
		Release|Any CPU = Release|Any CPU
	EndGlobalSection
	GlobalSection(SolutionProperties) = preSolution
		HideSolutionNode = FALSE
	EndGlobalSection
	GlobalSection(ProjectConfigurationPlatforms) = postSolution
		{AA483B18-3504-4AF4-B40D-5A93A374C171}.Debug|Any CPU.ActiveCfg = Debug|Any CPU
		{AA483B18-3504-4AF4-B40D-5A93A374C171}.Debug|Any CPU.Build.0 = Debug|Any CPU
		{AA483B18-3504-4AF4-B40D-5A93A374C171}.Release|Any CPU.ActiveCfg = Release|Any CPU
		{AA483B18-3504-4AF4-B40D-5A93A374C171}.Release|Any CPU.Build.0 = Release|Any CPU
		{ADF75FAC-4CB9-4BCD-9C34-20A6F3A14729}.Debug|Any CPU.ActiveCfg = Debug|Any CPU
		{ADF75FAC-4CB9-4BCD-9C34-20A6F3A14729}.Debug|Any CPU.Build.0 = Debug|Any CPU
		{ADF75FAC-4CB9-4BCD-9C34-20A6F3A14729}.Release|Any CPU.ActiveCfg = Release|Any CPU
		{ADF75FAC-4CB9-4BCD-9C34-20A6F3A14729}.Release|Any CPU.Build.0 = Release|Any CPU
	EndGlobalSection
EndGlobal
